gom 'github.com/yuin/gopher-lua', :commit => '775a9e6b1e7a2d4cae01649a97e8cdc5deadd4c7'
gom 'github.com/yuin/gopher-lua', :commit => '775a9e6b1e7a2d4cae01649a97e8cdc5deadd4c7'
gom 'github.com/yuin/gluare', :commit => '8e2742cd1bf2b904720ac66eca3c2091b2ea0720'
gom 'github.com/kohkimakimoto/gluayaml', :commit => '6fe413d49d73d785510ecf1529991ab0573e96c7'
gom 'github.com/kohkimakimoto/gluatemplate', :commit => 'd9e2c9d6b00f069a9da377a9ac529c827c1c7d71'
gom 'github.com/kohkimakimoto/gluafs', :commit => '01391ed2d7ab89dc80157605b073403f960aa223'
gom 'github.com/kohkimakimoto/gluaquestion', :commit => '311437c29ba54d027ad2af383661725ae2bfdcdc'
gom 'github.com/kohkimakimoto/gluaenv', :commit => '2888db6bbe38923d59c42e443895875cc8ce0820'
gom 'github.com/layeh/gopher-json', :commit => 'e45b65570c08a97b97a459e0cc04a53c1affab95'
gom 'github.com/cjoudrey/gluahttp', :commit => '9597a1d57575a0121726a2c50ad54fb74493a296'
gom 'github.com/otm/gluash', :commit => 'e145c563986f0b91f740a758a84bca46c163aec7'
gom 'github.com/fatih/color', :commit => '87d4004f2ab62d0d255e0a38f1680aa534549fe3'
gom 'github.com/kardianos/osext', :commit => 'c2c54e542fb797ad986b31721e1baedf214ca413'
gom 'github.com/Songmu/wrapcommander', :commit => '4888652de0bfef31e500e8f4e0831e8ae9ecaa85'
gom 'github.com/hashicorp/go-getter', :commit => '3d6040e1c4b972f6634c5aafb08901f916c5ee3c'
gom 'github.com/mattn/go-runewidth', :commit => 'd6bea18f789704b5f83375793155289da36a3c7f'
gom 'github.com/mitchellh/gox', :commit => 'c9740af9c6574448fd48eb30a71f964014c7a837'
