gom 'github.com/yuin/gopher-lua', :commit => '7692488a1ad6bd06dc48890f4a149b65a86a767d'
gom 'github.com/yuin/gluare', :commit => '8e2742cd1bf2b904720ac66eca3c2091b2ea0720'
gom 'github.com/kohkimakimoto/gluayaml', :commit => '6fe413d49d73d785510ecf1529991ab0573e96c7'
gom 'github.com/kohkimakimoto/gluatemplate', :commit => 'd9e2c9d6b00f069a9da377a9ac529c827c1c7d71'
gom 'github.com/kohkimakimoto/gluafs', :commit => '01391ed2d7ab89dc80157605b073403f960aa223'
gom 'github.com/kohkimakimoto/gluaquestion', :commit => '311437c29ba54d027ad2af383661725ae2bfdcdc'
gom 'github.com/kohkimakimoto/gluaenv', :commit => '2888db6bbe38923d59c42e443895875cc8ce0820'
gom 'github.com/layeh/gopher-json', :commit => 'e45b65570c08a97b97a459e0cc04a53c1affab95'
gom 'github.com/cjoudrey/gluahttp', :commit => 'b4bfe0c50fea948dcbf3966e120996d6607bbd89'
gom 'github.com/otm/gluash', :commit => 'e145c563986f0b91f740a758a84bca46c163aec7'
gom 'github.com/fatih/color', :commit => 'bf82308e8c8546dc2b945157173eb8a959ae9505'
gom 'github.com/kardianos/osext', :commit => 'c2c54e542fb797ad986b31721e1baedf214ca413'
gom 'github.com/Songmu/wrapcommander', :commit => '4888652de0bfef31e500e8f4e0831e8ae9ecaa85'
gom 'github.com/hashicorp/go-getter', :commit => '2fbd997432e72fe36060c8f07ec1eaf98d098177'
gom 'github.com/mattn/go-runewidth', :commit => '737072b4e32b7a5018b4a7125da8d12de90e8045'
gom 'github.com/mitchellh/mapstructure', :commit => 'f3009df150dadf309fdee4a54ed65c124afad715'
gom 'github.com/mitchellh/gox', :commit => 'c9740af9c6574448fd48eb30a71f964014c7a837'
