# This file is autogenerated, do not edit; changes may be undone by the next 'dep ensure'.


[[projects]]
  branch = "master"
  name = "github.com/Songmu/wrapcommander"
  packages = ["."]
  revision = "c228fd70413bba4c4b70d0bd78d4665dc6ec252b"

[[projects]]
  name = "github.com/aws/aws-sdk-go"
  packages = ["aws","aws/awserr","aws/awsutil","aws/client","aws/client/metadata","aws/corehandlers","aws/credentials","aws/credentials/ec2rolecreds","aws/credentials/endpointcreds","aws/credentials/stscreds","aws/csm","aws/defaults","aws/ec2metadata","aws/endpoints","aws/request","aws/session","aws/signer/v4","internal/sdkio","internal/sdkrand","internal/sdkuri","internal/shareddefaults","private/protocol","private/protocol/eventstream","private/protocol/eventstream/eventstreamapi","private/protocol/query","private/protocol/query/queryutil","private/protocol/rest","private/protocol/restxml","private/protocol/xml/xmlutil","service/s3","service/sts"]
  revision = "daed0c76021ea9c4e659e3ec80bcd2d657297100"
  version = "v1.15.12"

[[projects]]
  branch = "master"
  name = "github.com/bgentry/go-netrc"
  packages = ["netrc"]
  revision = "9fd32a8b3d3d3f9d43c341bfe098430e07609480"

[[projects]]
  branch = "master"
  name = "github.com/cjoudrey/gluahttp"
  packages = ["."]
  revision = "7065ce73b887f40cfa36eba8ae857cfbdb8ed78f"

[[projects]]
  name = "github.com/fatih/color"
  packages = ["."]
  revision = "5b77d2a35fb0ede96d138fc9a99f5c9b6aef11b4"
  version = "v1.7.0"

[[projects]]
  name = "github.com/go-ini/ini"
  packages = ["."]
  revision = "358ee7663966325963d4e8b2e1fbd570c5195153"
  version = "v1.38.1"

[[projects]]
  branch = "master"
  name = "github.com/hashicorp/go-cleanhttp"
  packages = ["."]
  revision = "d5fe4b57a186c716b0e00b8c301cbd9b4182694d"

[[projects]]
  branch = "master"
  name = "github.com/hashicorp/go-getter"
  packages = [".","helper/url"]
  revision = "4bda8fa99001c61db3cad96b421d4c12a81f256d"

[[projects]]
  branch = "master"
  name = "github.com/hashicorp/go-safetemp"
  packages = ["."]
  revision = "b1a1dbde6fdc11e3ae79efd9039009e22d4ae240"

[[projects]]
  branch = "master"
  name = "github.com/hashicorp/go-version"
  packages = ["."]
  revision = "270f2f71b1ee587f3b609f00f422b76a6b28f348"

[[projects]]
  branch = "master"
  name = "github.com/howeyc/gopass"
  packages = ["."]
  revision = "bf9dde6d0d2c004a008c27aaee91170c786f6db8"

[[projects]]
  name = "github.com/jmespath/go-jmespath"
  packages = ["."]
  revision = "0b12d6b5"

[[projects]]
  branch = "master"
  name = "github.com/kardianos/osext"
  packages = ["."]
  revision = "ae77be60afb1dcacde03767a8c37337fad28ac14"

[[projects]]
  branch = "master"
  name = "github.com/kohkimakimoto/gluaenv"
  packages = ["."]
  revision = "2888db6bbe38923d59c42e443895875cc8ce0820"

[[projects]]
  branch = "master"
  name = "github.com/kohkimakimoto/gluafs"
  packages = ["."]
  revision = "01391ed2d7ab89dc80157605b073403f960aa223"

[[projects]]
  branch = "master"
  name = "github.com/kohkimakimoto/gluaquestion"
  packages = ["."]
  revision = "311437c29ba54d027ad2af383661725ae2bfdcdc"

[[projects]]
  branch = "master"
  name = "github.com/kohkimakimoto/gluatemplate"
  packages = ["."]
  revision = "d9e2c9d6b00f069a9da377a9ac529c827c1c7d71"

[[projects]]
  branch = "master"
  name = "github.com/kohkimakimoto/gluayaml"
  packages = ["."]
  revision = "6fe413d49d73d785510ecf1529991ab0573e96c7"

[[projects]]
  name = "github.com/mattn/go-colorable"
  packages = ["."]
  revision = "167de6bfdfba052fa6b2d3664c8f5272e23c9072"
  version = "v0.0.9"

[[projects]]
  name = "github.com/mattn/go-isatty"
  packages = ["."]
  revision = "0360b2af4f38e8d38c7fce2a9f4e702702d73a39"
  version = "v0.0.3"

[[projects]]
  name = "github.com/mattn/go-runewidth"
  packages = ["."]
  revision = "ce7b0b5c7b45a81508558cd1dba6bb1e4ddb51bb"
  version = "v0.0.3"

[[projects]]
  branch = "master"
  name = "github.com/mitchellh/go-homedir"
  packages = ["."]
  revision = "58046073cbffe2f25d425fe1331102f55cf719de"

[[projects]]
  branch = "master"
  name = "github.com/mitchellh/go-testing-interface"
  packages = ["."]
  revision = "a61a99592b77c9ba629d254a693acffaeb4b7e28"

[[projects]]
  branch = "master"
  name = "github.com/mitchellh/mapstructure"
  packages = ["."]
  revision = "f15292f7a699fcc1a38a80977f80a046874ba8ac"

[[projects]]
  branch = "master"
  name = "github.com/otm/gluash"
  packages = ["."]
  revision = "e145c563986f0b91f740a758a84bca46c163aec7"

[[projects]]
  name = "github.com/ulikunitz/xz"
  packages = [".","internal/hash","internal/xlog","lzma"]
  revision = "0c6b41e72360850ca4f98dc341fd999726ea007f"
  version = "v0.5.4"

[[projects]]
  name = "github.com/yookoala/realpath"
  packages = ["."]
  revision = "d19ef9c409d9817c1e685775e53d361b03eabbc8"
  version = "v1.0.0"

[[projects]]
  branch = "master"
  name = "github.com/yuin/gluare"
  packages = ["."]
  revision = "d7c94f1a80ede93a621ed100866e6d4745ca8c22"

[[projects]]
  branch = "master"
  name = "github.com/yuin/gopher-lua"
  packages = [".","ast","parse","pm"]
  revision = "46796da1b0b4794e1e341883a399f12cc7574b55"

[[projects]]
  branch = "master"
  name = "golang.org/x/crypto"
  packages = ["ssh/terminal"]
  revision = "de0752318171da717af4ce24d0a2e8626afaeb11"

[[projects]]
  branch = "master"
  name = "golang.org/x/sys"
  packages = ["unix","windows"]
  revision = "14742f9018cd6651ec7364dc6ee08af0baaa1031"

[[projects]]
  name = "gopkg.in/yaml.v2"
  packages = ["."]
  revision = "5420a8b6744d3b0345ab293f6fcba19c978f1183"
  version = "v2.2.1"

[[projects]]
  branch = "master"
  name = "layeh.com/gopher-json"
  packages = ["."]
  revision = "d0a7d8b4c69aea3341d0131a64b59a6df9759be2"

[solve-meta]
  analyzer-name = "dep"
  analyzer-version = 1
  inputs-digest = "b44d35d2d631c59a639d25148b822dc7363eb70d6939608712b1bfedb678713b"
  solver-name = "gps-cdcl"
  solver-version = 1
